{
  "nodes": {
    "bash-strict-mode": {
      "inputs": {
        "flake-utils": "flake-utils_2",
        "flaky": [
          "flaky"
        ],
        "nixpkgs": [
          "flaky",
          "nixpkgs"
        ],
        "shellcheck-nix-attributes": "shellcheck-nix-attributes"
      },
      "locked": {
        "lastModified": 1691040543,
        "narHash": "sha256-u4eY+L33mHdHPZEKQlvkIdCGhW+bcAMPDak5fOIzmFk=",
        "owner": "sellout",
        "repo": "bash-strict-mode",
        "rev": "7a8760b42c5047212b7f3655746b5ae36ac7f148",
        "type": "github"
      },
      "original": {
        "owner": "sellout",
        "repo": "bash-strict-mode",
        "type": "github"
      }
    },
    "flake-schemas": {
      "locked": {
        "lastModified": 1693615451,
        "narHash": "sha256-rrZipq8J+g+LFWMC0+M0R8+NnZoDdrLHDahcvxh8mgA=",
        "owner": "DeterminateSystems",
        "repo": "flake-schemas",
        "rev": "cfd7826aabef39c337eb79053d0253f446c1c817",
        "type": "github"
      },
      "original": {
        "owner": "DeterminateSystems",
        "ref": "support-nixos-modules",
        "repo": "flake-schemas",
        "type": "github"
      }
    },
    "flake-utils": {
      "inputs": {
        "systems": "systems"
      },
      "locked": {
        "lastModified": 1692799911,
        "narHash": "sha256-3eihraek4qL744EvQXsK1Ha6C3CR7nnT8X2qWap4RNk=",
        "owner": "numtide",
        "repo": "flake-utils",
        "rev": "f9e7cf818399d17d347f847525c5a5a8032e4e44",
        "type": "github"
      },
      "original": {
        "owner": "numtide",
        "repo": "flake-utils",
        "type": "github"
      }
    },
    "flake-utils_2": {
      "inputs": {
        "systems": "systems_2"
      },
      "locked": {
        "lastModified": 1689068808,
        "narHash": "sha256-6ixXo3wt24N/melDWjq70UuHQLxGV8jZvooRanIHXw0=",
        "owner": "numtide",
        "repo": "flake-utils",
        "rev": "919d646de7be200f3bf08cb76ae1f09402b6f9b4",
        "type": "github"
      },
      "original": {
        "owner": "numtide",
        "repo": "flake-utils",
        "type": "github"
      }
    },
    "flaky": {
      "inputs": {
        "bash-strict-mode": "bash-strict-mode",
        "flake-utils": [
          "flake-utils"
        ],
        "home-manager": "home-manager",
        "nixpkgs": [
          "nixpkgs"
        ],
        "treefmt-nix": [
          "treefmt-nix"
        ]
      },
      "locked": {
        "lastModified": 1693804747,
        "narHash": "sha256-T6SmFqKv9FhP12ZT+4CHlWFtEuT8440kkQvkm3casVA=",
        "owner": "sellout",
        "repo": "flaky",
        "rev": "6502b98bccf3b1fea8e979d1562d58ea83e113e5",
        "type": "github"
      },
      "original": {
        "owner": "sellout",
        "repo": "flaky",
        "type": "github"
      }
    },
    "home-manager": {
      "inputs": {
        "nixpkgs": [
          "flaky",
          "nixpkgs"
        ]
      },
      "locked": {
        "lastModified": 1693208669,
        "narHash": "sha256-hHFaaUsZ860wvppPeiu7nJn/nXZjJfnqAQEu9SPFE9I=",
        "owner": "nix-community",
        "repo": "home-manager",
        "rev": "5bac4a1c06cd77cf8fc35a658ccb035a6c50cd2c",
        "type": "github"
      },
      "original": {
        "owner": "nix-community",
        "ref": "release-23.05",
        "repo": "home-manager",
        "type": "github"
      }
    },
    "nixpkgs": {
      "locked": {
        "lastModified": 1693029710,
        "narHash": "sha256-ktS4Cr6X0oFR+6a8l9o0mJdRGPb5gSASgboNSW3DmjY=",
        "owner": "NixOS",
        "repo": "nixpkgs",
        "rev": "9977d6e3dd3bcd105dff6cdc8627cb50eb03999f",
        "type": "github"
      },
      "original": {
        "owner": "NixOS",
        "ref": "release-23.05",
        "repo": "nixpkgs",
        "type": "github"
      }
    },
    "root": {
      "inputs": {
        "flake-schemas": "flake-schemas",
        "flake-utils": "flake-utils",
        "flaky": "flaky",
        "nixpkgs": "nixpkgs",
        "treefmt-nix": "treefmt-nix"
      }
    },
    "shellcheck-nix-attributes": {
      "flake": false,
      "locked": {
        "lastModified": 1586929030,
        "narHash": "sha256-a0WyWaz+nMYFWI43Ip9EUnPuBW0O4EIiTzYZKGqNjss=",
        "owner": "Fuuzetsu",
        "repo": "shellcheck-nix-attributes",
        "rev": "51b49d5fe65ece69eb5e2003396bf096083ec281",
        "type": "github"
      },
      "original": {
        "owner": "Fuuzetsu",
        "repo": "shellcheck-nix-attributes",
        "type": "github"
      }
    },
    "systems": {
      "locked": {
        "lastModified": 1681028828,
        "narHash": "sha256-Vy1rq5AaRuLzOxct8nz4T6wlgyUR7zLU309k9mBC768=",
        "owner": "nix-systems",
        "repo": "default",
        "rev": "da67096a3b9bf56a91d16901293e51ba5b49a27e",
        "type": "github"
      },
      "original": {
        "owner": "nix-systems",
        "repo": "default",
        "type": "github"
      }
    },
    "systems_2": {
      "locked": {
        "lastModified": 1681028828,
        "narHash": "sha256-Vy1rq5AaRuLzOxct8nz4T6wlgyUR7zLU309k9mBC768=",
        "owner": "nix-systems",
        "repo": "default",
        "rev": "da67096a3b9bf56a91d16901293e51ba5b49a27e",
        "type": "github"
      },
      "original": {
        "owner": "nix-systems",
        "repo": "default",
        "type": "github"
      }
    },
    "treefmt-nix": {
      "inputs": {
        "nixpkgs": [
          "nixpkgs"
        ]
      },
      "locked": {
        "lastModified": 1695822946,
        "narHash": "sha256-IQU3fYo0H+oGlqX5YrgZU3VRhbt2Oqe6KmslQKUO4II=",
        "owner": "numtide",
        "repo": "treefmt-nix",
        "rev": "720bd006d855b08e60664e4683ccddb7a9ff614a",
        "type": "github"
      },
      "original": {
        "owner": "numtide",
        "repo": "treefmt-nix",
        "type": "github"
      }
    }
  },
  "root": "root",
  "version": 7
}
