{
  "nodes": {
    "bash-strict-mode": {
      "inputs": {
        "flake-utils": [
          "flaky",
          "bash-strict-mode",
          "flaky",
          "flake-utils"
        ],
        "flaky": [
          "flaky"
        ],
        "nixpkgs": [
          "flaky",
          "bash-strict-mode",
          "flaky",
          "nixpkgs"
        ],
        "shellcheck-nix-attributes": "shellcheck-nix-attributes"
      },
      "locked": {
        "lastModified": 1722346313,
        "narHash": "sha256-qxIzt/0BCP9LlVE1Lze/2qlM5eZ8X5hQk4E6ghiBF5w=",
        "owner": "sellout",
        "repo": "bash-strict-mode",
        "rev": "098ffd0f072b3b7b3e84d9c524d18d6c62f64a47",
        "type": "github"
      },
      "original": {
        "owner": "sellout",
        "repo": "bash-strict-mode",
        "type": "github"
      }
    },
    "flake-schemas": {
      "locked": {
        "lastModified": 1701189173,
        "narHash": "sha256-ieQZLjqfvOP+52WeMdkD/x5njEIAqjKuAc/jnmruaoc=",
        "owner": "sellout",
        "repo": "flake-schemas",
        "rev": "68727227a8f349fe0831f6389d9a91064637b70c",
        "type": "github"
      },
      "original": {
        "owner": "sellout",
        "ref": "patch-1",
        "repo": "flake-schemas",
        "type": "github"
      }
    },
    "flake-utils": {
      "inputs": {
        "systems": [
          "flaky",
          "systems"
        ]
      },
      "locked": {
        "lastModified": 1710146030,
        "narHash": "sha256-SZ5L6eA7HJ/nmkzGG7/ISclqe6oZdOZTNoesiInkXPQ=",
        "owner": "numtide",
        "repo": "flake-utils",
        "rev": "b1d9ab70662946ef0850d488da1c9019f3a9752a",
        "type": "github"
      },
      "original": {
        "owner": "numtide",
        "repo": "flake-utils",
        "type": "github"
      }
    },
    "flaky": {
      "inputs": {
        "bash-strict-mode": "bash-strict-mode",
        "flake-utils": "flake-utils",
        "garnix-systems": "garnix-systems",
        "home-manager": "home-manager",
        "nixpkgs": "nixpkgs",
        "project-manager": [],
        "systems": "systems"
      },
      "locked": {
        "lastModified": 1728065799,
        "narHash": "sha256-6ecyFHZpT2kVF5r5iSgTmK0urBvcxm9+ijfwYzX3YyE=",
        "owner": "sellout",
        "repo": "flaky",
        "rev": "381c1dc3e5362dcf9e540040396b8b90299a17e3",
        "type": "github"
      },
      "original": {
        "owner": "sellout",
        "repo": "flaky",
        "type": "github"
      }
    },
    "garnix-systems": {
      "locked": {
        "lastModified": 1723225755,
        "narHash": "sha256-y17fVgb4LJheN4VDsHCmZRHrOJwKj8oUPvXk2FqUOnI=",
        "owner": "garnix-io",
        "repo": "nix-systems",
        "rev": "c2466c5c1d3591933b4389868902e2f47a47fadb",
        "type": "github"
      },
      "original": {
        "owner": "garnix-io",
        "repo": "nix-systems",
        "type": "github"
      }
    },
    "home-manager": {
      "inputs": {
        "nixpkgs": [
          "flaky",
          "nixpkgs"
        ]
      },
      "locked": {
        "lastModified": 1720042825,
        "narHash": "sha256-A0vrUB6x82/jvf17qPCpxaM+ulJnD8YZwH9Ci0BsAzE=",
        "owner": "nix-community",
        "repo": "home-manager",
        "rev": "e1391fb22e18a36f57e6999c7a9f966dc80ac073",
        "type": "github"
      },
      "original": {
        "owner": "nix-community",
        "ref": "release-24.05",
        "repo": "home-manager",
        "type": "github"
      }
    },
    "nixpkgs": {
      "locked": {
        "lastModified": 1724013388,
        "narHash": "sha256-vAq+I0IWsIDq5RUc01t25iL46LLxdsmlTJ96A30bMEY=",
        "owner": "NixOS",
        "repo": "nixpkgs",
        "rev": "3f38e71a8e23a27569acbbfee0e83b76c86fa569",
        "type": "github"
      },
      "original": {
        "owner": "NixOS",
        "ref": "release-24.05",
        "repo": "nixpkgs",
        "type": "github"
      }
    },
    "nixpkgs-22_11": {
      "locked": {
        "lastModified": 1688392541,
        "narHash": "sha256-lHrKvEkCPTUO+7tPfjIcb7Trk6k31rz18vkyqmkeJfY=",
        "owner": "NixOS",
        "repo": "nixpkgs",
        "rev": "ea4c80b39be4c09702b0cb3b42eab59e2ba4f24b",
        "type": "github"
      },
      "original": {
        "owner": "NixOS",
        "ref": "release-22.11",
        "repo": "nixpkgs",
        "type": "github"
      }
    },
    "nixpkgs-23_05": {
      "locked": {
        "lastModified": 1705957679,
        "narHash": "sha256-Q8LJaVZGJ9wo33wBafvZSzapYsjOaNjP/pOnSiKVGHY=",
        "owner": "NixOS",
        "repo": "nixpkgs",
        "rev": "9a333eaa80901efe01df07eade2c16d183761fa3",
        "type": "github"
      },
      "original": {
        "owner": "NixOS",
        "ref": "release-23.05",
        "repo": "nixpkgs",
        "type": "github"
      }
    },
    "nixpkgs-23_11": {
      "locked": {
        "lastModified": 1720535198,
        "narHash": "sha256-zwVvxrdIzralnSbcpghA92tWu2DV2lwv89xZc8MTrbg=",
        "owner": "NixOS",
        "repo": "nixpkgs",
        "rev": "205fd4226592cc83fd4c0885a3e4c9c400efabb5",
        "type": "github"
      },
      "original": {
        "owner": "NixOS",
        "ref": "release-23.11",
        "repo": "nixpkgs",
        "type": "github"
      }
    },
    "nixpkgs-unstable": {
      "locked": {
        "lastModified": 1726871744,
        "narHash": "sha256-V5LpfdHyQkUF7RfOaDPrZDP+oqz88lTJrMT1+stXNwo=",
        "owner": "NixOS",
        "repo": "nixpkgs",
        "rev": "a1d92660c6b3b7c26fb883500a80ea9d33321be2",
        "type": "github"
      },
      "original": {
        "owner": "NixOS",
        "ref": "nixpkgs-unstable",
        "repo": "nixpkgs",
        "type": "github"
      }
    },
    "root": {
      "inputs": {
        "bash-strict-mode": [
          "flaky",
          "bash-strict-mode"
        ],
        "flake-schemas": "flake-schemas",
        "flake-utils": [
          "flaky",
          "flake-utils"
        ],
        "flaky": "flaky",
        "nixpkgs": [
          "flaky",
          "nixpkgs"
        ],
        "nixpkgs-22_11": "nixpkgs-22_11",
        "nixpkgs-23_05": "nixpkgs-23_05",
        "nixpkgs-23_11": "nixpkgs-23_11",
        "nixpkgs-unstable": "nixpkgs-unstable",
        "treefmt-nix": "treefmt-nix"
      }
    },
    "shellcheck-nix-attributes": {
      "flake": false,
      "locked": {
        "lastModified": 1586929030,
        "narHash": "sha256-a0WyWaz+nMYFWI43Ip9EUnPuBW0O4EIiTzYZKGqNjss=",
        "owner": "Fuuzetsu",
        "repo": "shellcheck-nix-attributes",
        "rev": "51b49d5fe65ece69eb5e2003396bf096083ec281",
        "type": "github"
      },
      "original": {
        "owner": "Fuuzetsu",
        "repo": "shellcheck-nix-attributes",
        "type": "github"
      }
    },
    "systems": {
      "locked": {
        "lastModified": 1726558681,
        "narHash": "sha256-vta8mxLa5XxpHfb9HCiavFqBrX2xJDvZiKHZOy4kvlA=",
        "owner": "sellout",
        "repo": "nix-systems",
        "rev": "aa9520a9a0f92098d3576c3b4eafcb32c13d6800",
        "type": "github"
      },
      "original": {
        "owner": "sellout",
        "repo": "nix-systems",
        "type": "github"
      }
    },
    "treefmt-nix": {
      "inputs": {
        "nixpkgs": [
          "nixpkgs"
        ]
      },
      "locked": {
        "lastModified": 1726734507,
        "narHash": "sha256-VUH5O5AcOSxb0uL/m34dDkxFKP6WLQ6y4I1B4+N3L2w=",
        "owner": "numtide",
        "repo": "treefmt-nix",
        "rev": "ee41a466c2255a3abe6bc50fc6be927cdee57a9f",
        "type": "github"
      },
      "original": {
        "owner": "numtide",
        "repo": "treefmt-nix",
        "type": "github"
      }
    }
  },
  "root": "root",
  "version": 7
}
